{
  "object": {
    "pins": [
      {
        "package": "BSON",
        "repositoryURL": "https://github.com/orlandos-nl/BSON.git",
        "state": {
          "branch": null,
          "revision": "6056eae6adbc268963217a6c95a32a4dc4ee6884",
          "version": "8.0.9"
        }
      },
      {
        "package": "MongoKitten",
        "repositoryURL": "https://github.com/orlandos-nl/MongoKitten.git",
        "state": {
          "branch": null,
          "revision": "4850c77a604fa10fc16c8ccac0d808b6461a0f74",
          "version": "7.0.0"
        }
      },
      {
        "package": "DNSClient",
        "repositoryURL": "https://github.com/orlandos-nl/NioDNS.git",
        "state": {
          "branch": null,
          "revision": "71cfedd3310d59b7d19e290176dd2a1a605a4252",
          "version": "2.0.7"
        }
      },
      {
        "package": "swift-log",
        "repositoryURL": "https://github.com/apple/swift-log.git",
        "state": {
          "branch": null,
          "revision": "5d66f7ba25daf4f94100e7022febf3c75e37a6c7",
          "version": "1.4.2"
        }
      },
      {
        "package": "swift-metrics",
        "repositoryURL": "https://github.com/apple/swift-metrics.git",
        "state": {
          "branch": null,
          "revision": "eadb828f878fed144387e3845866225bb7082c56",
          "version": "2.3.0"
        }
      },
      {
        "package": "swift-nio",
        "repositoryURL": "https://github.com/apple/swift-nio.git",
        "state": {
          "branch": null,
          "revision": "124119f0bb12384cef35aa041d7c3a686108722d",
          "version": "2.40.0"
        }
      },
      {
        "package": "swift-nio-ssl",
        "repositoryURL": "https://github.com/apple/swift-nio-ssl.git",
        "state": {
          "branch": null,
          "revision": "52a486ff6de9bc3e26bf634c5413c41c5fa89ca5",
          "version": "2.17.2"
        }
      }
    ]
  },
  "version": 1
}
