{
  "object": {
    "pins": [
      {
        "package": "BSON",
        "repositoryURL": "https://github.com/orlandos-nl/BSON.git",
        "state": {
          "branch": null,
          "revision": "6056eae6adbc268963217a6c95a32a4dc4ee6884",
          "version": "8.0.9"
        }
      },
      {
        "package": "DNSClient",
        "repositoryURL": "https://github.com/orlandos-nl/DNSClient.git",
        "state": {
          "branch": null,
          "revision": "770249dcb7259c486f2d68c164091b115ccb765f",
          "version": "2.2.1"
        }
      },
      {
        "package": "MongoKitten",
        "repositoryURL": "https://github.com/orlandos-nl/MongoKitten.git",
        "state": {
          "branch": null,
          "revision": "34929f3126017edb1e29cfc16fb19881189cf58d",
          "version": "7.7.1"
        }
      },
      {
        "package": "swift-atomics",
        "repositoryURL": "https://github.com/apple/swift-atomics.git",
        "state": {
          "branch": null,
          "revision": "6c89474e62719ddcc1e9614989fff2f68208fe10",
          "version": "1.1.0"
        }
      },
      {
        "package": "swift-collections",
        "repositoryURL": "https://github.com/apple/swift-collections.git",
        "state": {
          "branch": null,
          "revision": "937e904258d22af6e447a0b72c0bc67583ef64a2",
          "version": "1.0.4"
        }
      },
      {
        "package": "swift-log",
        "repositoryURL": "https://github.com/apple/swift-log.git",
        "state": {
          "branch": null,
          "revision": "5d66f7ba25daf4f94100e7022febf3c75e37a6c7",
          "version": "1.4.2"
        }
      },
      {
        "package": "swift-metrics",
        "repositoryURL": "https://github.com/apple/swift-metrics.git",
        "state": {
          "branch": null,
          "revision": "eadb828f878fed144387e3845866225bb7082c56",
          "version": "2.3.0"
        }
      },
      {
        "package": "swift-nio",
        "repositoryURL": "https://github.com/apple/swift-nio.git",
        "state": {
          "branch": null,
          "revision": "cf281631ff10ec6111f2761052aa81896a83a007",
          "version": "2.58.0"
        }
      },
      {
        "package": "swift-nio-ssl",
        "repositoryURL": "https://github.com/apple/swift-nio-ssl.git",
        "state": {
          "branch": null,
          "revision": "52a486ff6de9bc3e26bf634c5413c41c5fa89ca5",
          "version": "2.17.2"
        }
      }
    ]
  },
  "version": 1
}
